
Microsoft Visual Studio Solution File, Format Version 12.00
# Visual Studio Version 17
VisualStudioVersion = 17.5.33424.131
MinimumVisualStudioVersion = 10.0.40219.1
Project("{FAE04EC0-301F-11D3-BF4B-00C04F79EFBC}") = "DroneDeliveryServiceCC", "DroneDeliveryServiceCC\DroneDeliveryServiceCC.csproj", "{0F61946B-D68A-4FFB-8E16-BE8BE35FE2CB}"
EndProject
Global
	GlobalSection(SolutionConfigurationPlatforms) = preSolution
		Debug|Any CPU = Debug|Any CPU
		Release|Any CPU = Release|Any CPU
	EndGlobalSection
	GlobalSection(ProjectConfigurationPlatforms) = postSolution
		{0F61946B-D68A-4FFB-8E16-BE8BE35FE2CB}.Debug|Any CPU.ActiveCfg = Debug|Any CPU
		{0F61946B-D68A-4FFB-8E16-BE8BE35FE2CB}.Debug|Any CPU.Build.0 = Debug|Any CPU
		{0F61946B-D68A-4FFB-8E16-BE8BE35FE2CB}.Release|Any CPU.ActiveCfg = Release|Any CPU
		{0F61946B-D68A-4FFB-8E16-BE8BE35FE2CB}.Release|Any CPU.Build.0 = Release|Any CPU
	EndGlobalSection
	GlobalSection(SolutionProperties) = preSolution
		HideSolutionNode = FALSE
	EndGlobalSection
	GlobalSection(ExtensibilityGlobals) = postSolution
		SolutionGuid = {02FA2A43-0E16-4224-B022-51835735D304}
	EndGlobalSection
EndGlobal
